
Microsoft Visual Studio Solution File, Format Version 12.00
# Visual Studio Version 16
VisualStudioVersion = 16.0.31605.320
MinimumVisualStudioVersion = 10.0.40219.1
Project("{FAE04EC0-301F-11D3-BF4B-00C04F79EFBC}") = "graphical_user_interface", "graphical_user_interface\graphical_user_interface.csproj", "{5BFD39D3-7132-49C3-BD45-995D9730D94D}"
EndProject
Global
	GlobalSection(SolutionConfigurationPlatforms) = preSolution
		Debug|Any CPU = Debug|Any CPU
		Release|Any CPU = Release|Any CPU
	EndGlobalSection
	GlobalSection(ProjectConfigurationPlatforms) = postSolution
		{5BFD39D3-7132-49C3-BD45-995D9730D94D}.Debug|Any CPU.ActiveCfg = Debug|Any CPU
		{5BFD39D3-7132-49C3-BD45-995D9730D94D}.Debug|Any CPU.Build.0 = Debug|Any CPU
		{5BFD39D3-7132-49C3-BD45-995D9730D94D}.Release|Any CPU.ActiveCfg = Release|Any CPU
		{5BFD39D3-7132-49C3-BD45-995D9730D94D}.Release|Any CPU.Build.0 = Release|Any CPU
	EndGlobalSection
	GlobalSection(SolutionProperties) = preSolution
		HideSolutionNode = FALSE
	EndGlobalSection
	GlobalSection(ExtensibilityGlobals) = postSolution
		SolutionGuid = {6EDE5570-0095-47F4-AC0B-0F7FAC80D493}
	EndGlobalSection
EndGlobal
